
Microsoft Visual Studio Solution File, Format Version 12.00
# Visual Studio Version 16
VisualStudioVersion = 16.0.32002.261
MinimumVisualStudioVersion = 10.0.40219.1
Project("{8BC9CEB8-8B4A-11D0-8D11-00A0C91BC942}") = "ParserTimeTrackingReport", "ParserTimeTrackingReport.vcxproj", "{2E08F5E1-8411-4740-A3E5-AB21A0293CA7}"
EndProject
Global
	GlobalSection(SolutionConfigurationPlatforms) = preSolution
		Debug|x64 = Debug|x64
		Debug|x86 = Debug|x86
		Release|x64 = Release|x64
		Release|x86 = Release|x86
	EndGlobalSection
	GlobalSection(ProjectConfigurationPlatforms) = postSolution
		{2E08F5E1-8411-4740-A3E5-AB21A0293CA7}.Debug|x64.ActiveCfg = Debug|x64
		{2E08F5E1-8411-4740-A3E5-AB21A0293CA7}.Debug|x64.Build.0 = Debug|x64
		{2E08F5E1-8411-4740-A3E5-AB21A0293CA7}.Debug|x86.ActiveCfg = Debug|Win32
		{2E08F5E1-8411-4740-A3E5-AB21A0293CA7}.Debug|x86.Build.0 = Debug|Win32
		{2E08F5E1-8411-4740-A3E5-AB21A0293CA7}.Release|x64.ActiveCfg = Release|x64
		{2E08F5E1-8411-4740-A3E5-AB21A0293CA7}.Release|x64.Build.0 = Release|x64
		{2E08F5E1-8411-4740-A3E5-AB21A0293CA7}.Release|x86.ActiveCfg = Release|Win32
		{2E08F5E1-8411-4740-A3E5-AB21A0293CA7}.Release|x86.Build.0 = Release|Win32
	EndGlobalSection
	GlobalSection(SolutionProperties) = preSolution
		HideSolutionNode = FALSE
	EndGlobalSection
	GlobalSection(ExtensibilityGlobals) = postSolution
		SolutionGuid = {EAB18A72-CCB4-44B6-8F63-D8BE7712C438}
	EndGlobalSection
EndGlobal
